// !$*UTF8*$!
{
	archiveVersion = 1;
	classes = {
	};
	objectVersion = 46;
	objects = {

/* Begin PBXBuildFile section */
		9A437667184B66A00072A0D7 /* TextStatsViewController.m in Sources */ = {isa = PBXBuildFile; fileRef = 9A437666184B66A00072A0D7 /* TextStatsViewController.m */; };
		9A69D5E4184397020095AE56 /* Foundation.framework in Frameworks */ = {isa = PBXBuildFile; fileRef = 9A69D5E3184397020095AE56 /* Foundation.framework */; };
		9A69D5E6184397020095AE56 /* CoreGraphics.framework in Frameworks */ = {isa = PBXBuildFile; fileRef = 9A69D5E5184397020095AE56 /* CoreGraphics.framework */; };
		9A69D5E8184397020095AE56 /* UIKit.framework in Frameworks */ = {isa = PBXBuildFile; fileRef = 9A69D5E7184397020095AE56 /* UIKit.framework */; };
		9A69D5EE184397020095AE56 /* InfoPlist.strings in Resources */ = {isa = PBXBuildFile; fileRef = 9A69D5EC184397020095AE56 /* InfoPlist.strings */; };
		9A69D5F0184397020095AE56 /* main.m in Sources */ = {isa = PBXBuildFile; fileRef = 9A69D5EF184397020095AE56 /* main.m */; };
		9A69D5F4184397020095AE56 /* AttributeAppDelegate.m in Sources */ = {isa = PBXBuildFile; fileRef = 9A69D5F3184397020095AE56 /* AttributeAppDelegate.m */; };
		9A69D5F7184397020095AE56 /* Main.storyboard in Resources */ = {isa = PBXBuildFile; fileRef = 9A69D5F5184397020095AE56 /* Main.storyboard */; };
		9A69D5FA184397020095AE56 /* AttributeViewController.m in Sources */ = {isa = PBXBuildFile; fileRef = 9A69D5F9184397020095AE56 /* AttributeViewController.m */; };
		9A69D5FC184397020095AE56 /* Images.xcassets in Resources */ = {isa = PBXBuildFile; fileRef = 9A69D5FB184397020095AE56 /* Images.xcassets */; };
		9A69D603184397020095AE56 /* XCTest.framework in Frameworks */ = {isa = PBXBuildFile; fileRef = 9A69D602184397020095AE56 /* XCTest.framework */; };
		9A69D604184397020095AE56 /* Foundation.framework in Frameworks */ = {isa = PBXBuildFile; fileRef = 9A69D5E3184397020095AE56 /* Foundation.framework */; };
		9A69D605184397020095AE56 /* UIKit.framework in Frameworks */ = {isa = PBXBuildFile; fileRef = 9A69D5E7184397020095AE56 /* UIKit.framework */; };
		9A69D60D184397020095AE56 /* InfoPlist.strings in Resources */ = {isa = PBXBuildFile; fileRef = 9A69D60B184397020095AE56 /* InfoPlist.strings */; };
		9A69D60F184397030095AE56 /* AttributorTests.m in Sources */ = {isa = PBXBuildFile; fileRef = 9A69D60E184397020095AE56 /* AttributorTests.m */; };
/* End PBXBuildFile section */

/* Begin PBXContainerItemProxy section */
		9A69D606184397020095AE56 /* PBXContainerItemProxy */ = {
			isa = PBXContainerItemProxy;
			containerPortal = 9A69D5D8184397020095AE56 /* Project object */;
			proxyType = 1;
			remoteGlobalIDString = 9A69D5DF184397020095AE56;
			remoteInfo = Attributor;
		};
/* End PBXContainerItemProxy section */

/* Begin PBXFileReference section */
		9A437665184B66A00072A0D7 /* TextStatsViewController.h */ = {isa = PBXFileReference; fileEncoding = 4; lastKnownFileType = sourcecode.c.h; path = TextStatsViewController.h; sourceTree = "<group>"; };
		9A437666184B66A00072A0D7 /* TextStatsViewController.m */ = {isa = PBXFileReference; fileEncoding = 4; lastKnownFileType = sourcecode.c.objc; path = TextStatsViewController.m; sourceTree = "<group>"; };
		9A69D5E0184397020095AE56 /* Attributor.app */ = {isa = PBXFileReference; explicitFileType = wrapper.application; includeInIndex = 0; path = Attributor.app; sourceTree = BUILT_PRODUCTS_DIR; };
		9A69D5E3184397020095AE56 /* Foundation.framework */ = {isa = PBXFileReference; lastKnownFileType = wrapper.framework; name = Foundation.framework; path = System/Library/Frameworks/Foundation.framework; sourceTree = SDKROOT; };
		9A69D5E5184397020095AE56 /* CoreGraphics.framework */ = {isa = PBXFileReference; lastKnownFileType = wrapper.framework; name = CoreGraphics.framework; path = System/Library/Frameworks/CoreGraphics.framework; sourceTree = SDKROOT; };
		9A69D5E7184397020095AE56 /* UIKit.framework */ = {isa = PBXFileReference; lastKnownFileType = wrapper.framework; name = UIKit.framework; path = System/Library/Frameworks/UIKit.framework; sourceTree = SDKROOT; };
		9A69D5EB184397020095AE56 /* Attributor-Info.plist */ = {isa = PBXFileReference; lastKnownFileType = text.plist.xml; path = "Attributor-Info.plist"; sourceTree = "<group>"; };
		9A69D5ED184397020095AE56 /* en */ = {isa = PBXFileReference; lastKnownFileType = text.plist.strings; name = en; path = en.lproj/InfoPlist.strings; sourceTree = "<group>"; };
		9A69D5EF184397020095AE56 /* main.m */ = {isa = PBXFileReference; lastKnownFileType = sourcecode.c.objc; path = main.m; sourceTree = "<group>"; };
		9A69D5F1184397020095AE56 /* Attributor-Prefix.pch */ = {isa = PBXFileReference; lastKnownFileType = sourcecode.c.h; path = "Attributor-Prefix.pch"; sourceTree = "<group>"; };
		9A69D5F2184397020095AE56 /* AttributeAppDelegate.h */ = {isa = PBXFileReference; lastKnownFileType = sourcecode.c.h; path = AttributeAppDelegate.h; sourceTree = "<group>"; };
		9A69D5F3184397020095AE56 /* AttributeAppDelegate.m */ = {isa = PBXFileReference; lastKnownFileType = sourcecode.c.objc; path = AttributeAppDelegate.m; sourceTree = "<group>"; };
		9A69D5F6184397020095AE56 /* Base */ = {isa = PBXFileReference; lastKnownFileType = file.storyboard; name = Base; path = Base.lproj/Main.storyboard; sourceTree = "<group>"; };
		9A69D5F8184397020095AE56 /* AttributeViewController.h */ = {isa = PBXFileReference; lastKnownFileType = sourcecode.c.h; path = AttributeViewController.h; sourceTree = "<group>"; };
		9A69D5F9184397020095AE56 /* AttributeViewController.m */ = {isa = PBXFileReference; lastKnownFileType = sourcecode.c.objc; path = AttributeViewController.m; sourceTree = "<group>"; };
		9A69D5FB184397020095AE56 /* Images.xcassets */ = {isa = PBXFileReference; lastKnownFileType = folder.assetcatalog; path = Images.xcassets; sourceTree = "<group>"; };
		9A69D601184397020095AE56 /* AttributorTests.xctest */ = {isa = PBXFileReference; explicitFileType = wrapper.cfbundle; includeInIndex = 0; path = AttributorTests.xctest; sourceTree = BUILT_PRODUCTS_DIR; };
		9A69D602184397020095AE56 /* XCTest.framework */ = {isa = PBXFileReference; lastKnownFileType = wrapper.framework; name = XCTest.framework; path = Library/Frameworks/XCTest.framework; sourceTree = DEVELOPER_DIR; };
		9A69D60A184397020095AE56 /* AttributorTests-Info.plist */ = {isa = PBXFileReference; lastKnownFileType = text.plist.xml; path = "AttributorTests-Info.plist"; sourceTree = "<group>"; };
		9A69D60C184397020095AE56 /* en */ = {isa = PBXFileReference; lastKnownFileType = text.plist.strings; name = en; path = en.lproj/InfoPlist.strings; sourceTree = "<group>"; };
		9A69D60E184397020095AE56 /* AttributorTests.m */ = {isa = PBXFileReference; lastKnownFileType = sourcecode.c.objc; path = AttributorTests.m; sourceTree = "<group>"; };
/* End PBXFileReference section */

/* Begin PBXFrameworksBuildPhase section */
		9A69D5DD184397020095AE56 /* Frameworks */ = {
			isa = PBXFrameworksBuildPhase;
			buildActionMask = 2147483647;
			files = (
				9A69D5E6184397020095AE56 /* CoreGraphics.framework in Frameworks */,
				9A69D5E8184397020095AE56 /* UIKit.framework in Frameworks */,
				9A69D5E4184397020095AE56 /* Foundation.framework in Frameworks */,
			);
			runOnlyForDeploymentPostprocessing = 0;
		};
		9A69D5FE184397020095AE56 /* Frameworks */ = {
			isa = PBXFrameworksBuildPhase;
			buildActionMask = 2147483647;
			files = (
				9A69D603184397020095AE56 /* XCTest.framework in Frameworks */,
				9A69D605184397020095AE56 /* UIKit.framework in Frameworks */,
				9A69D604184397020095AE56 /* Foundation.framework in Frameworks */,
			);
			runOnlyForDeploymentPostprocessing = 0;
		};
/* End PBXFrameworksBuildPhase section */

/* Begin PBXGroup section */
		9A69D5D7184397020095AE56 = {
			isa = PBXGroup;
			children = (
				9A69D5E9184397020095AE56 /* Attributor */,
				9A69D608184397020095AE56 /* AttributorTests */,
				9A69D5E2184397020095AE56 /* Frameworks */,
				9A69D5E1184397020095AE56 /* Products */,
			);
			sourceTree = "<group>";
		};
		9A69D5E1184397020095AE56 /* Products */ = {
			isa = PBXGroup;
			children = (
				9A69D5E0184397020095AE56 /* Attributor.app */,
				9A69D601184397020095AE56 /* AttributorTests.xctest */,
			);
			name = Products;
			sourceTree = "<group>";
		};
		9A69D5E2184397020095AE56 /* Frameworks */ = {
			isa = PBXGroup;
			children = (
				9A69D5E3184397020095AE56 /* Foundation.framework */,
				9A69D5E5184397020095AE56 /* CoreGraphics.framework */,
				9A69D5E7184397020095AE56 /* UIKit.framework */,
				9A69D602184397020095AE56 /* XCTest.framework */,
			);
			name = Frameworks;
			sourceTree = "<group>";
		};
		9A69D5E9184397020095AE56 /* Attributor */ = {
			isa = PBXGroup;
			children = (
				9A69D5F5184397020095AE56 /* Main.storyboard */,
				9A437665184B66A00072A0D7 /* TextStatsViewController.h */,
				9A437666184B66A00072A0D7 /* TextStatsViewController.m */,
				9A69D5F8184397020095AE56 /* AttributeViewController.h */,
				9A69D5F9184397020095AE56 /* AttributeViewController.m */,
				9A69D5FB184397020095AE56 /* Images.xcassets */,
				9A69D5EA184397020095AE56 /* Supporting Files */,
			);
			path = Attributor;
			sourceTree = "<group>";
		};
		9A69D5EA184397020095AE56 /* Supporting Files */ = {
			isa = PBXGroup;
			children = (
				9A69D5F2184397020095AE56 /* AttributeAppDelegate.h */,
				9A69D5F3184397020095AE56 /* AttributeAppDelegate.m */,
				9A69D5EB184397020095AE56 /* Attributor-Info.plist */,
				9A69D5EC184397020095AE56 /* InfoPlist.strings */,
				9A69D5EF184397020095AE56 /* main.m */,
				9A69D5F1184397020095AE56 /* Attributor-Prefix.pch */,
			);
			name = "Supporting Files";
			sourceTree = "<group>";
		};
		9A69D608184397020095AE56 /* AttributorTests */ = {
			isa = PBXGroup;
			children = (
				9A69D60E184397020095AE56 /* AttributorTests.m */,
				9A69D609184397020095AE56 /* Supporting Files */,
			);
			path = AttributorTests;
			sourceTree = "<group>";
		};
		9A69D609184397020095AE56 /* Supporting Files */ = {
			isa = PBXGroup;
			children = (
				9A69D60A184397020095AE56 /* AttributorTests-Info.plist */,
				9A69D60B184397020095AE56 /* InfoPlist.strings */,
			);
			name = "Supporting Files";
			sourceTree = "<group>";
		};
/* End PBXGroup section */

/* Begin PBXNativeTarget section */
		9A69D5DF184397020095AE56 /* Attributor */ = {
			isa = PBXNativeTarget;
			buildConfigurationList = 9A69D612184397030095AE56 /* Build configuration list for PBXNativeTarget "Attributor" */;
			buildPhases = (
				9A69D5DC184397020095AE56 /* Sources */,
				9A69D5DD184397020095AE56 /* Frameworks */,
				9A69D5DE184397020095AE56 /* Resources */,
			);
			buildRules = (
			);
			dependencies = (
			);
			name = Attributor;
			productName = Attributor;
			productReference = 9A69D5E0184397020095AE56 /* Attributor.app */;
			productType = "com.apple.product-type.application";
		};
		9A69D600184397020095AE56 /* AttributorTests */ = {
			isa = PBXNativeTarget;
			buildConfigurationList = 9A69D615184397030095AE56 /* Build configuration list for PBXNativeTarget "AttributorTests" */;
			buildPhases = (
				9A69D5FD184397020095AE56 /* Sources */,
				9A69D5FE184397020095AE56 /* Frameworks */,
				9A69D5FF184397020095AE56 /* Resources */,
			);
			buildRules = (
			);
			dependencies = (
				9A69D607184397020095AE56 /* PBXTargetDependency */,
			);
			name = AttributorTests;
			productName = AttributorTests;
			productReference = 9A69D601184397020095AE56 /* AttributorTests.xctest */;
			productType = "com.apple.product-type.bundle.unit-test";
		};
/* End PBXNativeTarget section */

/* Begin PBXProject section */
		9A69D5D8184397020095AE56 /* Project object */ = {
			isa = PBXProject;
			attributes = {
				CLASSPREFIX = Attribute;
				LastUpgradeCheck = 0500;
				ORGANIZATIONNAME = "Johnny Zhao";
				TargetAttributes = {
					9A69D600184397020095AE56 = {
						TestTargetID = 9A69D5DF184397020095AE56;
					};
				};
			};
			buildConfigurationList = 9A69D5DB184397020095AE56 /* Build configuration list for PBXProject "Attributor" */;
			compatibilityVersion = "Xcode 3.2";
			developmentRegion = English;
			hasScannedForEncodings = 0;
			knownRegions = (
				en,
				Base,
			);
			mainGroup = 9A69D5D7184397020095AE56;
			productRefGroup = 9A69D5E1184397020095AE56 /* Products */;
			projectDirPath = "";
			projectRoot = "";
			targets = (
				9A69D5DF184397020095AE56 /* Attributor */,
				9A69D600184397020095AE56 /* AttributorTests */,
			);
		};
/* End PBXProject section */

/* Begin PBXResourcesBuildPhase section */
		9A69D5DE184397020095AE56 /* Resources */ = {
			isa = PBXResourcesBuildPhase;
			buildActionMask = 2147483647;
			files = (
				9A69D5FC184397020095AE56 /* Images.xcassets in Resources */,
				9A69D5EE184397020095AE56 /* InfoPlist.strings in Resources */,
				9A69D5F7184397020095AE56 /* Main.storyboard in Resources */,
			);
			runOnlyForDeploymentPostprocessing = 0;
		};
		9A69D5FF184397020095AE56 /* Resources */ = {
			isa = PBXResourcesBuildPhase;
			buildActionMask = 2147483647;
			files = (
				9A69D60D184397020095AE56 /* InfoPlist.strings in Resources */,
			);
			runOnlyForDeploymentPostprocessing = 0;
		};
/* End PBXResourcesBuildPhase section */

/* Begin PBXSourcesBuildPhase section */
		9A69D5DC184397020095AE56 /* Sources */ = {
			isa = PBXSourcesBuildPhase;
			buildActionMask = 2147483647;
			files = (
				9A69D5F0184397020095AE56 /* main.m in Sources */,
				9A69D5F4184397020095AE56 /* AttributeAppDelegate.m in Sources */,
				9A69D5FA184397020095AE56 /* AttributeViewController.m in Sources */,
				9A437667184B66A00072A0D7 /* TextStatsViewController.m in Sources */,
			);
			runOnlyForDeploymentPostprocessing = 0;
		};
		9A69D5FD184397020095AE56 /* Sources */ = {
			isa = PBXSourcesBuildPhase;
			buildActionMask = 2147483647;
			files = (
				9A69D60F184397030095AE56 /* AttributorTests.m in Sources */,
			);
			runOnlyForDeploymentPostprocessing = 0;
		};
/* End PBXSourcesBuildPhase section */

/* Begin PBXTargetDependency section */
		9A69D607184397020095AE56 /* PBXTargetDependency */ = {
			isa = PBXTargetDependency;
			target = 9A69D5DF184397020095AE56 /* Attributor */;
			targetProxy = 9A69D606184397020095AE56 /* PBXContainerItemProxy */;
		};
/* End PBXTargetDependency section */

/* Begin PBXVariantGroup section */
		9A69D5EC184397020095AE56 /* InfoPlist.strings */ = {
			isa = PBXVariantGroup;
			children = (
				9A69D5ED184397020095AE56 /* en */,
			);
			name = InfoPlist.strings;
			sourceTree = "<group>";
		};
		9A69D5F5184397020095AE56 /* Main.storyboard */ = {
			isa = PBXVariantGroup;
			children = (
				9A69D5F6184397020095AE56 /* Base */,
			);
			name = Main.storyboard;
			sourceTree = "<group>";
		};
		9A69D60B184397020095AE56 /* InfoPlist.strings */ = {
			isa = PBXVariantGroup;
			children = (
				9A69D60C184397020095AE56 /* en */,
			);
			name = InfoPlist.strings;
			sourceTree = "<group>";
		};
/* End PBXVariantGroup section */

/* Begin XCBuildConfiguration section */
		9A69D610184397030095AE56 /* Debug */ = {
			isa = XCBuildConfiguration;
			buildSettings = {
				ALWAYS_SEARCH_USER_PATHS = NO;
				ARCHS = "$(ARCHS_STANDARD_INCLUDING_64_BIT)";
				CLANG_CXX_LANGUAGE_STANDARD = "gnu++0x";
				CLANG_CXX_LIBRARY = "libc++";
				CLANG_ENABLE_MODULES = YES;
				CLANG_ENABLE_OBJC_ARC = YES;
				CLANG_WARN_BOOL_CONVERSION = YES;
				CLANG_WARN_CONSTANT_CONVERSION = YES;
				CLANG_WARN_DIRECT_OBJC_ISA_USAGE = YES_ERROR;
				CLANG_WARN_EMPTY_BODY = YES;
				CLANG_WARN_ENUM_CONVERSION = YES;
				CLANG_WARN_INT_CONVERSION = YES;
				CLANG_WARN_OBJC_ROOT_CLASS = YES_ERROR;
				CLANG_WARN__DUPLICATE_METHOD_MATCH = YES;
				"CODE_SIGN_IDENTITY[sdk=iphoneos*]" = "iPhone Developer";
				COPY_PHASE_STRIP = NO;
				GCC_C_LANGUAGE_STANDARD = gnu99;
				GCC_DYNAMIC_NO_PIC = NO;
				GCC_OPTIMIZATION_LEVEL = 0;
				GCC_PREPROCESSOR_DEFINITIONS = (
					"DEBUG=1",
					"$(inherited)",
				);
				GCC_SYMBOLS_PRIVATE_EXTERN = NO;
				GCC_WARN_64_TO_32_BIT_CONVERSION = YES;
				GCC_WARN_ABOUT_RETURN_TYPE = YES_ERROR;
				GCC_WARN_UNDECLARED_SELECTOR = YES;
				GCC_WARN_UNINITIALIZED_AUTOS = YES;
				GCC_WARN_UNUSED_FUNCTION = YES;
				GCC_WARN_UNUSED_VARIABLE = YES;
				IPHONEOS_DEPLOYMENT_TARGET = 7.0;
				ONLY_ACTIVE_ARCH = YES;
				SDKROOT = iphoneos;
			};
			name = Debug;
		};
		9A69D611184397030095AE56 /* Release */ = {
			isa = XCBuildConfiguration;
			buildSettings = {
				ALWAYS_SEARCH_USER_PATHS = NO;
				ARCHS = "$(ARCHS_STANDARD_INCLUDING_64_BIT)";
				CLANG_CXX_LANGUAGE_STANDARD = "gnu++0x";
				CLANG_CXX_LIBRARY = "libc++";
				CLANG_ENABLE_MODULES = YES;
				CLANG_ENABLE_OBJC_ARC = YES;
				CLANG_WARN_BOOL_CONVERSION = YES;
				CLANG_WARN_CONSTANT_CONVERSION = YES;
				CLANG_WARN_DIRECT_OBJC_ISA_USAGE = YES_ERROR;
				CLANG_WARN_EMPTY_BODY = YES;
				CLANG_WARN_ENUM_CONVERSION = YES;
				CLANG_WARN_INT_CONVERSION = YES;
				CLANG_WARN_OBJC_ROOT_CLASS = YES_ERROR;
				CLANG_WARN__DUPLICATE_METHOD_MATCH = YES;
				"CODE_SIGN_IDENTITY[sdk=iphoneos*]" = "iPhone Developer";
				COPY_PHASE_STRIP = YES;
				ENABLE_NS_ASSERTIONS = NO;
				GCC_C_LANGUAGE_STANDARD = gnu99;
				GCC_WARN_64_TO_32_BIT_CONVERSION = YES;
				GCC_WARN_ABOUT_RETURN_TYPE = YES_ERROR;
				GCC_WARN_UNDECLARED_SELECTOR = YES;
				GCC_WARN_UNINITIALIZED_AUTOS = YES;
				GCC_WARN_UNUSED_FUNCTION = YES;
				GCC_WARN_UNUSED_VARIABLE = YES;
				IPHONEOS_DEPLOYMENT_TARGET = 7.0;
				SDKROOT = iphoneos;
				VALIDATE_PRODUCT = YES;
			};
			name = Release;
		};
		9A69D613184397030095AE56 /* Debug */ = {
			isa = XCBuildConfiguration;
			buildSettings = {
				ASSETCATALOG_COMPILER_APPICON_NAME = AppIcon;
				ASSETCATALOG_COMPILER_LAUNCHIMAGE_NAME = LaunchImage;
				GCC_PRECOMPILE_PREFIX_HEADER = YES;
				GCC_PREFIX_HEADER = "Attributor/Attributor-Prefix.pch";
				INFOPLIST_FILE = "Attributor/Attributor-Info.plist";
				PRODUCT_NAME = "$(TARGET_NAME)";
				WRAPPER_EXTENSION = app;
			};
			name = Debug;
		};
		9A69D614184397030095AE56 /* Release */ = {
			isa = XCBuildConfiguration;
			buildSettings = {
				ASSETCATALOG_COMPILER_APPICON_NAME = AppIcon;
				ASSETCATALOG_COMPILER_LAUNCHIMAGE_NAME = LaunchImage;
				GCC_PRECOMPILE_PREFIX_HEADER = YES;
				GCC_PREFIX_HEADER = "Attributor/Attributor-Prefix.pch";
				INFOPLIST_FILE = "Attributor/Attributor-Info.plist";
				PRODUCT_NAME = "$(TARGET_NAME)";
				WRAPPER_EXTENSION = app;
			};
			name = Release;
		};
		9A69D616184397030095AE56 /* Debug */ = {
			isa = XCBuildConfiguration;
			buildSettings = {
				ARCHS = "$(ARCHS_STANDARD_INCLUDING_64_BIT)";
				BUNDLE_LOADER = "$(BUILT_PRODUCTS_DIR)/Attributor.app/Attributor";
				FRAMEWORK_SEARCH_PATHS = (
					"$(SDKROOT)/Developer/Library/Frameworks",
					"$(inherited)",
					"$(DEVELOPER_FRAMEWORKS_DIR)",
				);
				GCC_PRECOMPILE_PREFIX_HEADER = YES;
				GCC_PREFIX_HEADER = "Attributor/Attributor-Prefix.pch";
				GCC_PREPROCESSOR_DEFINITIONS = (
					"DEBUG=1",
					"$(inherited)",
				);
				INFOPLIST_FILE = "AttributorTests/AttributorTests-Info.plist";
				PRODUCT_NAME = "$(TARGET_NAME)";
				TEST_HOST = "$(BUNDLE_LOADER)";
				WRAPPER_EXTENSION = xctest;
			};
			name = Debug;
		};
		9A69D617184397030095AE56 /* Release */ = {
			isa = XCBuildConfiguration;
			buildSettings = {
				ARCHS = "$(ARCHS_STANDARD_INCLUDING_64_BIT)";
				BUNDLE_LOADER = "$(BUILT_PRODUCTS_DIR)/Attributor.app/Attributor";
				FRAMEWORK_SEARCH_PATHS = (
					"$(SDKROOT)/Developer/Library/Frameworks",
					"$(inherited)",
					"$(DEVELOPER_FRAMEWORKS_DIR)",
				);
				GCC_PRECOMPILE_PREFIX_HEADER = YES;
				GCC_PREFIX_HEADER = "Attributor/Attributor-Prefix.pch";
				INFOPLIST_FILE = "AttributorTests/AttributorTests-Info.plist";
				PRODUCT_NAME = "$(TARGET_NAME)";
				TEST_HOST = "$(BUNDLE_LOADER)";
				WRAPPER_EXTENSION = xctest;
			};
			name = Release;
		};
/* End XCBuildConfiguration section */

/* Begin XCConfigurationList section */
		9A69D5DB184397020095AE56 /* Build configuration list for PBXProject "Attributor" */ = {
			isa = XCConfigurationList;
			buildConfigurations = (
				9A69D610184397030095AE56 /* Debug */,
				9A69D611184397030095AE56 /* Release */,
			);
			defaultConfigurationIsVisible = 0;
			defaultConfigurationName = Release;
		};
		9A69D612184397030095AE56 /* Build configuration list for PBXNativeTarget "Attributor" */ = {
			isa = XCConfigurationList;
			buildConfigurations = (
				9A69D613184397030095AE56 /* Debug */,
				9A69D614184397030095AE56 /* Release */,
			);
			defaultConfigurationIsVisible = 0;
			defaultConfigurationName = Release;
		};
		9A69D615184397030095AE56 /* Build configuration list for PBXNativeTarget "AttributorTests" */ = {
			isa = XCConfigurationList;
			buildConfigurations = (
				9A69D616184397030095AE56 /* Debug */,
				9A69D617184397030095AE56 /* Release */,
			);
			defaultConfigurationIsVisible = 0;
			defaultConfigurationName = Release;
		};
/* End XCConfigurationList section */
	};
	rootObject = 9A69D5D8184397020095AE56 /* Project object */;
}
